
Microsoft Visual Studio Solution File, Format Version 12.00
# Visual Studio Version 17
VisualStudioVersion = 17.10.34928.147
MinimumVisualStudioVersion = 10.0.40219.1
Project("{FAE04EC0-301F-11D3-BF4B-00C04F79EFBC}") = "StoreXpert", "StoreXpert.csproj", "{AB419B9E-7750-4C36-8C3A-56D33CE111FE}"
EndProject
Global
	GlobalSection(SolutionConfigurationPlatforms) = preSolution
		Debug|Any CPU = Debug|Any CPU
		Release|Any CPU = Release|Any CPU
	EndGlobalSection
	GlobalSection(ProjectConfigurationPlatforms) = postSolution
		{AB419B9E-7750-4C36-8C3A-56D33CE111FE}.Debug|Any CPU.ActiveCfg = Debug|Any CPU
		{AB419B9E-7750-4C36-8C3A-56D33CE111FE}.Debug|Any CPU.Build.0 = Debug|Any CPU
		{AB419B9E-7750-4C36-8C3A-56D33CE111FE}.Release|Any CPU.ActiveCfg = Release|Any CPU
		{AB419B9E-7750-4C36-8C3A-56D33CE111FE}.Release|Any CPU.Build.0 = Release|Any CPU
	EndGlobalSection
	GlobalSection(SolutionProperties) = preSolution
		HideSolutionNode = FALSE
	EndGlobalSection
	GlobalSection(ExtensibilityGlobals) = postSolution
		SolutionGuid = {12F09734-69D8-4945-9315-BAA1206C2CD0}
	EndGlobalSection
EndGlobal
